
Microsoft Visual Studio Solution File, Format Version 12.00
# Visual Studio Version 17
VisualStudioVersion = 17.7.34003.232
MinimumVisualStudioVersion = 10.0.40219.1
Project("{FAE04EC0-301F-11D3-BF4B-00C04F79EFBC}") = "IB_2324_CS_BinaryConversions", "IB_2324_CS_BinaryConversions\IB_2324_CS_BinaryConversions.csproj", "{74FA379D-C46F-4186-95D7-5638F886A8F3}"
EndProject
Global
	GlobalSection(SolutionConfigurationPlatforms) = preSolution
		Debug|Any CPU = Debug|Any CPU
		Release|Any CPU = Release|Any CPU
	EndGlobalSection
	GlobalSection(ProjectConfigurationPlatforms) = postSolution
		{74FA379D-C46F-4186-95D7-5638F886A8F3}.Debug|Any CPU.ActiveCfg = Debug|Any CPU
		{74FA379D-C46F-4186-95D7-5638F886A8F3}.Debug|Any CPU.Build.0 = Debug|Any CPU
		{74FA379D-C46F-4186-95D7-5638F886A8F3}.Release|Any CPU.ActiveCfg = Release|Any CPU
		{74FA379D-C46F-4186-95D7-5638F886A8F3}.Release|Any CPU.Build.0 = Release|Any CPU
	EndGlobalSection
	GlobalSection(SolutionProperties) = preSolution
		HideSolutionNode = FALSE
	EndGlobalSection
	GlobalSection(ExtensibilityGlobals) = postSolution
		SolutionGuid = {53D87B23-9313-44F9-9525-236249396694}
	EndGlobalSection
EndGlobal
